
Microsoft Visual Studio Solution File, Format Version 12.00
# Visual Studio Version 17
VisualStudioVersion = 17.10.35122.118
MinimumVisualStudioVersion = 10.0.40219.1
Project("{8BC9CEB8-8B4A-11D0-8D11-00A0C91BC942}") = "TestArrayStack", "TestArrayStack.vcxproj", "{9449111F-C90C-401A-B5D8-B648B09CD0AD}"
	ProjectSection(ProjectDependencies) = postProject
		{3E27FCA8-AC64-4143-BCE3-31A94CA80EB9} = {3E27FCA8-AC64-4143-BCE3-31A94CA80EB9}
	EndProjectSection
EndProject
Project("{8BC9CEB8-8B4A-11D0-8D11-00A0C91BC942}") = "ArrayStack", "..\ArrayStack\ArrayStack.vcxproj", "{3E27FCA8-AC64-4143-BCE3-31A94CA80EB9}"
EndProject
Project("{8BC9CEB8-8B4A-11D0-8D11-00A0C91BC942}") = "Util", "..\Util\Util.vcxproj", "{39A9CB6F-6F44-4205-A01B-555DB992A76E}"
EndProject
Global
	GlobalSection(SolutionConfigurationPlatforms) = preSolution
		Debug|x64 = Debug|x64
		Debug|x86 = Debug|x86
		Release|x64 = Release|x64
		Release|x86 = Release|x86
	EndGlobalSection
	GlobalSection(ProjectConfigurationPlatforms) = postSolution
		{9449111F-C90C-401A-B5D8-B648B09CD0AD}.Debug|x64.ActiveCfg = Debug|x64
		{9449111F-C90C-401A-B5D8-B648B09CD0AD}.Debug|x64.Build.0 = Debug|x64
		{9449111F-C90C-401A-B5D8-B648B09CD0AD}.Debug|x86.ActiveCfg = Debug|Win32
		{9449111F-C90C-401A-B5D8-B648B09CD0AD}.Debug|x86.Build.0 = Debug|Win32
		{9449111F-C90C-401A-B5D8-B648B09CD0AD}.Release|x64.ActiveCfg = Release|x64
		{9449111F-C90C-401A-B5D8-B648B09CD0AD}.Release|x64.Build.0 = Release|x64
		{9449111F-C90C-401A-B5D8-B648B09CD0AD}.Release|x86.ActiveCfg = Release|Win32
		{9449111F-C90C-401A-B5D8-B648B09CD0AD}.Release|x86.Build.0 = Release|Win32
		{3E27FCA8-AC64-4143-BCE3-31A94CA80EB9}.Debug|x64.ActiveCfg = Debug|x64
		{3E27FCA8-AC64-4143-BCE3-31A94CA80EB9}.Debug|x64.Build.0 = Debug|x64
		{3E27FCA8-AC64-4143-BCE3-31A94CA80EB9}.Debug|x86.ActiveCfg = Debug|Win32
		{3E27FCA8-AC64-4143-BCE3-31A94CA80EB9}.Debug|x86.Build.0 = Debug|Win32
		{3E27FCA8-AC64-4143-BCE3-31A94CA80EB9}.Release|x64.ActiveCfg = Release|x64
		{3E27FCA8-AC64-4143-BCE3-31A94CA80EB9}.Release|x64.Build.0 = Release|x64
		{3E27FCA8-AC64-4143-BCE3-31A94CA80EB9}.Release|x86.ActiveCfg = Release|Win32
		{3E27FCA8-AC64-4143-BCE3-31A94CA80EB9}.Release|x86.Build.0 = Release|Win32
		{39A9CB6F-6F44-4205-A01B-555DB992A76E}.Debug|x64.ActiveCfg = Debug|x64
		{39A9CB6F-6F44-4205-A01B-555DB992A76E}.Debug|x64.Build.0 = Debug|x64
		{39A9CB6F-6F44-4205-A01B-555DB992A76E}.Debug|x86.ActiveCfg = Debug|Win32
		{39A9CB6F-6F44-4205-A01B-555DB992A76E}.Debug|x86.Build.0 = Debug|Win32
		{39A9CB6F-6F44-4205-A01B-555DB992A76E}.Release|x64.ActiveCfg = Release|x64
		{39A9CB6F-6F44-4205-A01B-555DB992A76E}.Release|x64.Build.0 = Release|x64
		{39A9CB6F-6F44-4205-A01B-555DB992A76E}.Release|x86.ActiveCfg = Release|Win32
		{39A9CB6F-6F44-4205-A01B-555DB992A76E}.Release|x86.Build.0 = Release|Win32
	EndGlobalSection
	GlobalSection(SolutionProperties) = preSolution
		HideSolutionNode = FALSE
	EndGlobalSection
	GlobalSection(ExtensibilityGlobals) = postSolution
		SolutionGuid = {BC6392DF-925A-4DA1-B5E7-E779669DE469}
	EndGlobalSection
EndGlobal
